// !$*UTF8*$!
{
	archiveVersion = 1;
	classes = {
	};
	objectVersion = 56;
	objects = {

/* Begin PBXBuildFile section */
		2957B6CC2DB5F4AB00DB7181 /* AppDelegate.swift in Sources */ = {isa = PBXBuildFile; fileRef = 2957B6CB2DB5F4AB00DB7181 /* AppDelegate.swift */; };
		2957B6CE2DB5F4AB00DB7181 /* SceneDelegate.swift in Sources */ = {isa = PBXBuildFile; fileRef = 2957B6CD2DB5F4AB00DB7181 /* SceneDelegate.swift */; };
		2957B6D52DB5F4AE00DB7181 /* Assets.xcassets in Resources */ = {isa = PBXBuildFile; fileRef = 2957B6D42DB5F4AE00DB7181 /* Assets.xcassets */; };
		2957B6D82DB5F4AE00DB7181 /* LaunchScreen.storyboard in Resources */ = {isa = PBXBuildFile; fileRef = 2957B6D62DB5F4AE00DB7181 /* LaunchScreen.storyboard */; };
		2957B6E32DB5F4AE00DB7181 /* OptimizedImageScrollerTests.swift in Sources */ = {isa = PBXBuildFile; fileRef = 2957B6E22DB5F4AE00DB7181 /* OptimizedImageScrollerTests.swift */; };
		2957B6ED2DB5F4AE00DB7181 /* OptimizedImageScrollerUITests.swift in Sources */ = {isa = PBXBuildFile; fileRef = 2957B6EC2DB5F4AE00DB7181 /* OptimizedImageScrollerUITests.swift */; };
		2957B6EF2DB5F4AE00DB7181 /* OptimizedImageScrollerUITestsLaunchTests.swift in Sources */ = {isa = PBXBuildFile; fileRef = 2957B6EE2DB5F4AE00DB7181 /* OptimizedImageScrollerUITestsLaunchTests.swift */; };
		2957B6FD2DB6089A00DB7181 /* SnapKit in Frameworks */ = {isa = PBXBuildFile; productRef = 2957B6FC2DB6089A00DB7181 /* SnapKit */; };
		2957B7002DB608C300DB7181 /* Then in Frameworks */ = {isa = PBXBuildFile; productRef = 2957B6FF2DB608C300DB7181 /* Then */; };
		2957B7052DB609CA00DB7181 /* RootViewController.swift in Sources */ = {isa = PBXBuildFile; fileRef = 2957B7042DB609CA00DB7181 /* RootViewController.swift */; };
		2957B7092DB6156100DB7181 /* CustomScrollViewFullLoad.swift in Sources */ = {isa = PBXBuildFile; fileRef = 2957B7082DB6156100DB7181 /* CustomScrollViewFullLoad.swift */; };
		2957B70B2DB61A1300DB7181 /* CustomScrollViewOnDemand.swift in Sources */ = {isa = PBXBuildFile; fileRef = 2957B70A2DB61A1300DB7181 /* CustomScrollViewOnDemand.swift */; };
		29F6990F2DB61E650029E53B /* sample4.png in Resources */ = {isa = PBXBuildFile; fileRef = 29F699052DB61E620029E53B /* sample4.png */; };
		29F699102DB61E650029E53B /* sample9.png in Resources */ = {isa = PBXBuildFile; fileRef = 29F699062DB61E620029E53B /* sample9.png */; };
		29F699112DB61E650029E53B /* sample8.png in Resources */ = {isa = PBXBuildFile; fileRef = 29F699072DB61E630029E53B /* sample8.png */; };
		29F699122DB61E650029E53B /* sample2.png in Resources */ = {isa = PBXBuildFile; fileRef = 29F699082DB61E630029E53B /* sample2.png */; };
		29F699132DB61E650029E53B /* sample7.png in Resources */ = {isa = PBXBuildFile; fileRef = 29F699092DB61E630029E53B /* sample7.png */; };
		29F699142DB61E650029E53B /* sample10.png in Resources */ = {isa = PBXBuildFile; fileRef = 29F6990A2DB61E640029E53B /* sample10.png */; };
		29F699152DB61E650029E53B /* sample3.png in Resources */ = {isa = PBXBuildFile; fileRef = 29F6990B2DB61E640029E53B /* sample3.png */; };
		29F699162DB61E650029E53B /* sample5.png in Resources */ = {isa = PBXBuildFile; fileRef = 29F6990C2DB61E640029E53B /* sample5.png */; };
		29F699172DB61E650029E53B /* sample6.png in Resources */ = {isa = PBXBuildFile; fileRef = 29F6990D2DB61E650029E53B /* sample6.png */; };
		29F699182DB61E650029E53B /* sample1.png in Resources */ = {isa = PBXBuildFile; fileRef = 29F6990E2DB61E650029E53B /* sample1.png */; };
		29F699232DB61F1B0029E53B /* sample11.png in Resources */ = {isa = PBXBuildFile; fileRef = 29F699192DB61F180029E53B /* sample11.png */; };
		29F699242DB61F1B0029E53B /* sample16.png in Resources */ = {isa = PBXBuildFile; fileRef = 29F6991A2DB61F180029E53B /* sample16.png */; };
		29F699252DB61F1B0029E53B /* sample18.png in Resources */ = {isa = PBXBuildFile; fileRef = 29F6991B2DB61F180029E53B /* sample18.png */; };
		29F699262DB61F1B0029E53B /* sample19.png in Resources */ = {isa = PBXBuildFile; fileRef = 29F6991C2DB61F190029E53B /* sample19.png */; };
		29F699272DB61F1B0029E53B /* sample15.png in Resources */ = {isa = PBXBuildFile; fileRef = 29F6991D2DB61F190029E53B /* sample15.png */; };
		29F699282DB61F1B0029E53B /* sample13.png in Resources */ = {isa = PBXBuildFile; fileRef = 29F6991E2DB61F190029E53B /* sample13.png */; };
		29F699292DB61F1B0029E53B /* sample12.png in Resources */ = {isa = PBXBuildFile; fileRef = 29F6991F2DB61F1A0029E53B /* sample12.png */; };
		29F6992A2DB61F1B0029E53B /* sample20.png in Resources */ = {isa = PBXBuildFile; fileRef = 29F699202DB61F1A0029E53B /* sample20.png */; };
		29F6992B2DB61F1B0029E53B /* sample14.png in Resources */ = {isa = PBXBuildFile; fileRef = 29F699212DB61F1A0029E53B /* sample14.png */; };
		29F6992C2DB61F1B0029E53B /* sample17.png in Resources */ = {isa = PBXBuildFile; fileRef = 29F699222DB61F1B0029E53B /* sample17.png */; };
		29F699412DB622F80029E53B /* sample25.png in Resources */ = {isa = PBXBuildFile; fileRef = 29F6992D2DB622EF0029E53B /* sample25.png */; };
		29F699422DB622F80029E53B /* sample34.png in Resources */ = {isa = PBXBuildFile; fileRef = 29F6992E2DB622EF0029E53B /* sample34.png */; };
		29F699432DB622F80029E53B /* sample32.png in Resources */ = {isa = PBXBuildFile; fileRef = 29F6992F2DB622F00029E53B /* sample32.png */; };
		29F699442DB622F80029E53B /* sample31.png in Resources */ = {isa = PBXBuildFile; fileRef = 29F699302DB622F10029E53B /* sample31.png */; };
		29F699452DB622F80029E53B /* sample28.png in Resources */ = {isa = PBXBuildFile; fileRef = 29F699312DB622F10029E53B /* sample28.png */; };
		29F699462DB622F80029E53B /* sample26.png in Resources */ = {isa = PBXBuildFile; fileRef = 29F699322DB622F20029E53B /* sample26.png */; };
		29F699472DB622F80029E53B /* sample23.png in Resources */ = {isa = PBXBuildFile; fileRef = 29F699332DB622F20029E53B /* sample23.png */; };
		29F699482DB622F80029E53B /* sample30.png in Resources */ = {isa = PBXBuildFile; fileRef = 29F699342DB622F20029E53B /* sample30.png */; };
		29F699492DB622F80029E53B /* sample29.png in Resources */ = {isa = PBXBuildFile; fileRef = 29F699352DB622F30029E53B /* sample29.png */; };
		29F6994A2DB622F80029E53B /* sample37.png in Resources */ = {isa = PBXBuildFile; fileRef = 29F699362DB622F30029E53B /* sample37.png */; };
		29F6994B2DB622F80029E53B /* sample38.png in Resources */ = {isa = PBXBuildFile; fileRef = 29F699372DB622F40029E53B /* sample38.png */; };
		29F6994C2DB622F80029E53B /* sample21.png in Resources */ = {isa = PBXBuildFile; fileRef = 29F699382DB622F40029E53B /* sample21.png */; };
		29F6994D2DB622F80029E53B /* sample24.png in Resources */ = {isa = PBXBuildFile; fileRef = 29F699392DB622F50029E53B /* sample24.png */; };
		29F6994E2DB622F80029E53B /* sample22.png in Resources */ = {isa = PBXBuildFile; fileRef = 29F6993A2DB622F50029E53B /* sample22.png */; };
		29F6994F2DB622F80029E53B /* sample33.png in Resources */ = {isa = PBXBuildFile; fileRef = 29F6993B2DB622F60029E53B /* sample33.png */; };
		29F699502DB622F80029E53B /* sample35.png in Resources */ = {isa = PBXBuildFile; fileRef = 29F6993C2DB622F60029E53B /* sample35.png */; };
		29F699512DB622F80029E53B /* sample36.png in Resources */ = {isa = PBXBuildFile; fileRef = 29F6993D2DB622F70029E53B /* sample36.png */; };
		29F699522DB622F80029E53B /* sample27.png in Resources */ = {isa = PBXBuildFile; fileRef = 29F6993E2DB622F70029E53B /* sample27.png */; };
		29F699532DB622F80029E53B /* sample39.png in Resources */ = {isa = PBXBuildFile; fileRef = 29F6993F2DB622F80029E53B /* sample39.png */; };
		29F699542DB622F80029E53B /* sample40.png in Resources */ = {isa = PBXBuildFile; fileRef = 29F699402DB622F80029E53B /* sample40.png */; };
		29F699692DB6230C0029E53B /* sample57.png in Resources */ = {isa = PBXBuildFile; fileRef = 29F699552DB623020029E53B /* sample57.png */; };
		29F6996A2DB6230C0029E53B /* sample51.png in Resources */ = {isa = PBXBuildFile; fileRef = 29F699562DB623020029E53B /* sample51.png */; };
		29F6996B2DB6230C0029E53B /* sample50.png in Resources */ = {isa = PBXBuildFile; fileRef = 29F699572DB623030029E53B /* sample50.png */; };
		29F6996C2DB6230C0029E53B /* sample45.png in Resources */ = {isa = PBXBuildFile; fileRef = 29F699582DB623030029E53B /* sample45.png */; };
		29F6996D2DB6230C0029E53B /* sample48.png in Resources */ = {isa = PBXBuildFile; fileRef = 29F699592DB623040029E53B /* sample48.png */; };
		29F6996E2DB6230C0029E53B /* sample59.png in Resources */ = {isa = PBXBuildFile; fileRef = 29F6995A2DB623040029E53B /* sample59.png */; };
		29F6996F2DB6230C0029E53B /* sample60.png in Resources */ = {isa = PBXBuildFile; fileRef = 29F6995B2DB623050029E53B /* sample60.png */; };
		29F699702DB6230C0029E53B /* sample43.png in Resources */ = {isa = PBXBuildFile; fileRef = 29F6995C2DB623050029E53B /* sample43.png */; };
		29F699712DB6230C0029E53B /* sample52.png in Resources */ = {isa = PBXBuildFile; fileRef = 29F6995D2DB623060029E53B /* sample52.png */; };
		29F699722DB6230C0029E53B /* sample41.png in Resources */ = {isa = PBXBuildFile; fileRef = 29F6995E2DB623060029E53B /* sample41.png */; };
		29F699732DB6230C0029E53B /* sample53.png in Resources */ = {isa = PBXBuildFile; fileRef = 29F6995F2DB623070029E53B /* sample53.png */; };
		29F699742DB6230C0029E53B /* sample54.png in Resources */ = {isa = PBXBuildFile; fileRef = 29F699602DB623070029E53B /* sample54.png */; };
		29F699752DB6230C0029E53B /* sample58.png in Resources */ = {isa = PBXBuildFile; fileRef = 29F699612DB623080029E53B /* sample58.png */; };
		29F699762DB6230C0029E53B /* sample55.png in Resources */ = {isa = PBXBuildFile; fileRef = 29F699622DB623080029E53B /* sample55.png */; };
		29F699772DB6230C0029E53B /* sample46.png in Resources */ = {isa = PBXBuildFile; fileRef = 29F699632DB623090029E53B /* sample46.png */; };
		29F699782DB6230C0029E53B /* sample49.png in Resources */ = {isa = PBXBuildFile; fileRef = 29F699642DB623090029E53B /* sample49.png */; };
		29F699792DB6230C0029E53B /* sample47.png in Resources */ = {isa = PBXBuildFile; fileRef = 29F699652DB6230A0029E53B /* sample47.png */; };
		29F6997A2DB6230C0029E53B /* sample42.png in Resources */ = {isa = PBXBuildFile; fileRef = 29F699662DB6230A0029E53B /* sample42.png */; };
		29F6997B2DB6230C0029E53B /* sample56.png in Resources */ = {isa = PBXBuildFile; fileRef = 29F699672DB6230B0029E53B /* sample56.png */; };
		29F6997C2DB6230C0029E53B /* sample44.png in Resources */ = {isa = PBXBuildFile; fileRef = 29F699682DB6230B0029E53B /* sample44.png */; };
/* End PBXBuildFile section */

/* Begin PBXContainerItemProxy section */
		2957B6DF2DB5F4AE00DB7181 /* PBXContainerItemProxy */ = {
			isa = PBXContainerItemProxy;
			containerPortal = 2957B6C02DB5F4AB00DB7181 /* Project object */;
			proxyType = 1;
			remoteGlobalIDString = 2957B6C72DB5F4AB00DB7181;
			remoteInfo = OptimizedImageScroller;
		};
		2957B6E92DB5F4AE00DB7181 /* PBXContainerItemProxy */ = {
			isa = PBXContainerItemProxy;
			containerPortal = 2957B6C02DB5F4AB00DB7181 /* Project object */;
			proxyType = 1;
			remoteGlobalIDString = 2957B6C72DB5F4AB00DB7181;
			remoteInfo = OptimizedImageScroller;
		};
/* End PBXContainerItemProxy section */

/* Begin PBXFileReference section */
		2957B6C82DB5F4AB00DB7181 /* OptimizedImageScroller.app */ = {isa = PBXFileReference; explicitFileType = wrapper.application; includeInIndex = 0; path = OptimizedImageScroller.app; sourceTree = BUILT_PRODUCTS_DIR; };
		2957B6CB2DB5F4AB00DB7181 /* AppDelegate.swift */ = {isa = PBXFileReference; lastKnownFileType = sourcecode.swift; path = AppDelegate.swift; sourceTree = "<group>"; };
		2957B6CD2DB5F4AB00DB7181 /* SceneDelegate.swift */ = {isa = PBXFileReference; lastKnownFileType = sourcecode.swift; path = SceneDelegate.swift; sourceTree = "<group>"; };
		2957B6D42DB5F4AE00DB7181 /* Assets.xcassets */ = {isa = PBXFileReference; lastKnownFileType = folder.assetcatalog; path = Assets.xcassets; sourceTree = "<group>"; };
		2957B6D72DB5F4AE00DB7181 /* Base */ = {isa = PBXFileReference; lastKnownFileType = file.storyboard; name = Base; path = Base.lproj/LaunchScreen.storyboard; sourceTree = "<group>"; };
		2957B6D92DB5F4AE00DB7181 /* Info.plist */ = {isa = PBXFileReference; lastKnownFileType = text.plist.xml; path = Info.plist; sourceTree = "<group>"; };
		2957B6DE2DB5F4AE00DB7181 /* OptimizedImageScrollerTests.xctest */ = {isa = PBXFileReference; explicitFileType = wrapper.cfbundle; includeInIndex = 0; path = OptimizedImageScrollerTests.xctest; sourceTree = BUILT_PRODUCTS_DIR; };
		2957B6E22DB5F4AE00DB7181 /* OptimizedImageScrollerTests.swift */ = {isa = PBXFileReference; lastKnownFileType = sourcecode.swift; path = OptimizedImageScrollerTests.swift; sourceTree = "<group>"; };
		2957B6E82DB5F4AE00DB7181 /* OptimizedImageScrollerUITests.xctest */ = {isa = PBXFileReference; explicitFileType = wrapper.cfbundle; includeInIndex = 0; path = OptimizedImageScrollerUITests.xctest; sourceTree = BUILT_PRODUCTS_DIR; };
		2957B6EC2DB5F4AE00DB7181 /* OptimizedImageScrollerUITests.swift */ = {isa = PBXFileReference; lastKnownFileType = sourcecode.swift; path = OptimizedImageScrollerUITests.swift; sourceTree = "<group>"; };
		2957B6EE2DB5F4AE00DB7181 /* OptimizedImageScrollerUITestsLaunchTests.swift */ = {isa = PBXFileReference; lastKnownFileType = sourcecode.swift; path = OptimizedImageScrollerUITestsLaunchTests.swift; sourceTree = "<group>"; };
		2957B7042DB609CA00DB7181 /* RootViewController.swift */ = {isa = PBXFileReference; lastKnownFileType = sourcecode.swift; path = RootViewController.swift; sourceTree = "<group>"; };
		2957B7082DB6156100DB7181 /* CustomScrollViewFullLoad.swift */ = {isa = PBXFileReference; lastKnownFileType = sourcecode.swift; path = CustomScrollViewFullLoad.swift; sourceTree = "<group>"; };
		2957B70A2DB61A1300DB7181 /* CustomScrollViewOnDemand.swift */ = {isa = PBXFileReference; lastKnownFileType = sourcecode.swift; path = CustomScrollViewOnDemand.swift; sourceTree = "<group>"; };
		29F699052DB61E620029E53B /* sample4.png */ = {isa = PBXFileReference; lastKnownFileType = image.png; path = sample4.png; sourceTree = "<group>"; };
		29F699062DB61E620029E53B /* sample9.png */ = {isa = PBXFileReference; lastKnownFileType = image.png; path = sample9.png; sourceTree = "<group>"; };
		29F699072DB61E630029E53B /* sample8.png */ = {isa = PBXFileReference; lastKnownFileType = image.png; path = sample8.png; sourceTree = "<group>"; };
		29F699082DB61E630029E53B /* sample2.png */ = {isa = PBXFileReference; lastKnownFileType = image.png; path = sample2.png; sourceTree = "<group>"; };
		29F699092DB61E630029E53B /* sample7.png */ = {isa = PBXFileReference; lastKnownFileType = image.png; path = sample7.png; sourceTree = "<group>"; };
		29F6990A2DB61E640029E53B /* sample10.png */ = {isa = PBXFileReference; lastKnownFileType = image.png; path = sample10.png; sourceTree = "<group>"; };
		29F6990B2DB61E640029E53B /* sample3.png */ = {isa = PBXFileReference; lastKnownFileType = image.png; path = sample3.png; sourceTree = "<group>"; };
		29F6990C2DB61E640029E53B /* sample5.png */ = {isa = PBXFileReference; lastKnownFileType = image.png; path = sample5.png; sourceTree = "<group>"; };
		29F6990D2DB61E650029E53B /* sample6.png */ = {isa = PBXFileReference; lastKnownFileType = image.png; path = sample6.png; sourceTree = "<group>"; };
		29F6990E2DB61E650029E53B /* sample1.png */ = {isa = PBXFileReference; lastKnownFileType = image.png; path = sample1.png; sourceTree = "<group>"; };
		29F699192DB61F180029E53B /* sample11.png */ = {isa = PBXFileReference; lastKnownFileType = image.png; path = sample11.png; sourceTree = "<group>"; };
		29F6991A2DB61F180029E53B /* sample16.png */ = {isa = PBXFileReference; lastKnownFileType = image.png; path = sample16.png; sourceTree = "<group>"; };
		29F6991B2DB61F180029E53B /* sample18.png */ = {isa = PBXFileReference; lastKnownFileType = image.png; path = sample18.png; sourceTree = "<group>"; };
		29F6991C2DB61F190029E53B /* sample19.png */ = {isa = PBXFileReference; lastKnownFileType = image.png; path = sample19.png; sourceTree = "<group>"; };
		29F6991D2DB61F190029E53B /* sample15.png */ = {isa = PBXFileReference; lastKnownFileType = image.png; path = sample15.png; sourceTree = "<group>"; };
		29F6991E2DB61F190029E53B /* sample13.png */ = {isa = PBXFileReference; lastKnownFileType = image.png; path = sample13.png; sourceTree = "<group>"; };
		29F6991F2DB61F1A0029E53B /* sample12.png */ = {isa = PBXFileReference; lastKnownFileType = image.png; path = sample12.png; sourceTree = "<group>"; };
		29F699202DB61F1A0029E53B /* sample20.png */ = {isa = PBXFileReference; lastKnownFileType = image.png; path = sample20.png; sourceTree = "<group>"; };
		29F699212DB61F1A0029E53B /* sample14.png */ = {isa = PBXFileReference; lastKnownFileType = image.png; path = sample14.png; sourceTree = "<group>"; };
		29F699222DB61F1B0029E53B /* sample17.png */ = {isa = PBXFileReference; lastKnownFileType = image.png; path = sample17.png; sourceTree = "<group>"; };
		29F6992D2DB622EF0029E53B /* sample25.png */ = {isa = PBXFileReference; lastKnownFileType = image.png; path = sample25.png; sourceTree = "<group>"; };
		29F6992E2DB622EF0029E53B /* sample34.png */ = {isa = PBXFileReference; lastKnownFileType = image.png; path = sample34.png; sourceTree = "<group>"; };
		29F6992F2DB622F00029E53B /* sample32.png */ = {isa = PBXFileReference; lastKnownFileType = image.png; path = sample32.png; sourceTree = "<group>"; };
		29F699302DB622F10029E53B /* sample31.png */ = {isa = PBXFileReference; lastKnownFileType = image.png; path = sample31.png; sourceTree = "<group>"; };
		29F699312DB622F10029E53B /* sample28.png */ = {isa = PBXFileReference; lastKnownFileType = image.png; path = sample28.png; sourceTree = "<group>"; };
		29F699322DB622F20029E53B /* sample26.png */ = {isa = PBXFileReference; lastKnownFileType = image.png; path = sample26.png; sourceTree = "<group>"; };
		29F699332DB622F20029E53B /* sample23.png */ = {isa = PBXFileReference; lastKnownFileType = image.png; path = sample23.png; sourceTree = "<group>"; };
		29F699342DB622F20029E53B /* sample30.png */ = {isa = PBXFileReference; lastKnownFileType = image.png; path = sample30.png; sourceTree = "<group>"; };
		29F699352DB622F30029E53B /* sample29.png */ = {isa = PBXFileReference; lastKnownFileType = image.png; path = sample29.png; sourceTree = "<group>"; };
		29F699362DB622F30029E53B /* sample37.png */ = {isa = PBXFileReference; lastKnownFileType = image.png; path = sample37.png; sourceTree = "<group>"; };
		29F699372DB622F40029E53B /* sample38.png */ = {isa = PBXFileReference; lastKnownFileType = image.png; path = sample38.png; sourceTree = "<group>"; };
		29F699382DB622F40029E53B /* sample21.png */ = {isa = PBXFileReference; lastKnownFileType = image.png; path = sample21.png; sourceTree = "<group>"; };
		29F699392DB622F50029E53B /* sample24.png */ = {isa = PBXFileReference; lastKnownFileType = image.png; path = sample24.png; sourceTree = "<group>"; };
		29F6993A2DB622F50029E53B /* sample22.png */ = {isa = PBXFileReference; lastKnownFileType = image.png; path = sample22.png; sourceTree = "<group>"; };
		29F6993B2DB622F60029E53B /* sample33.png */ = {isa = PBXFileReference; lastKnownFileType = image.png; path = sample33.png; sourceTree = "<group>"; };
		29F6993C2DB622F60029E53B /* sample35.png */ = {isa = PBXFileReference; lastKnownFileType = image.png; path = sample35.png; sourceTree = "<group>"; };
		29F6993D2DB622F70029E53B /* sample36.png */ = {isa = PBXFileReference; lastKnownFileType = image.png; path = sample36.png; sourceTree = "<group>"; };
		29F6993E2DB622F70029E53B /* sample27.png */ = {isa = PBXFileReference; lastKnownFileType = image.png; path = sample27.png; sourceTree = "<group>"; };
		29F6993F2DB622F80029E53B /* sample39.png */ = {isa = PBXFileReference; lastKnownFileType = image.png; path = sample39.png; sourceTree = "<group>"; };
		29F699402DB622F80029E53B /* sample40.png */ = {isa = PBXFileReference; lastKnownFileType = image.png; path = sample40.png; sourceTree = "<group>"; };
		29F699552DB623020029E53B /* sample57.png */ = {isa = PBXFileReference; lastKnownFileType = image.png; path = sample57.png; sourceTree = "<group>"; };
		29F699562DB623020029E53B /* sample51.png */ = {isa = PBXFileReference; lastKnownFileType = image.png; path = sample51.png; sourceTree = "<group>"; };
		29F699572DB623030029E53B /* sample50.png */ = {isa = PBXFileReference; lastKnownFileType = image.png; path = sample50.png; sourceTree = "<group>"; };
		29F699582DB623030029E53B /* sample45.png */ = {isa = PBXFileReference; lastKnownFileType = image.png; path = sample45.png; sourceTree = "<group>"; };
		29F699592DB623040029E53B /* sample48.png */ = {isa = PBXFileReference; lastKnownFileType = image.png; path = sample48.png; sourceTree = "<group>"; };
		29F6995A2DB623040029E53B /* sample59.png */ = {isa = PBXFileReference; lastKnownFileType = image.png; path = sample59.png; sourceTree = "<group>"; };
		29F6995B2DB623050029E53B /* sample60.png */ = {isa = PBXFileReference; lastKnownFileType = image.png; path = sample60.png; sourceTree = "<group>"; };
		29F6995C2DB623050029E53B /* sample43.png */ = {isa = PBXFileReference; lastKnownFileType = image.png; path = sample43.png; sourceTree = "<group>"; };
		29F6995D2DB623060029E53B /* sample52.png */ = {isa = PBXFileReference; lastKnownFileType = image.png; path = sample52.png; sourceTree = "<group>"; };
		29F6995E2DB623060029E53B /* sample41.png */ = {isa = PBXFileReference; lastKnownFileType = image.png; path = sample41.png; sourceTree = "<group>"; };
		29F6995F2DB623070029E53B /* sample53.png */ = {isa = PBXFileReference; lastKnownFileType = image.png; path = sample53.png; sourceTree = "<group>"; };
		29F699602DB623070029E53B /* sample54.png */ = {isa = PBXFileReference; lastKnownFileType = image.png; path = sample54.png; sourceTree = "<group>"; };
		29F699612DB623080029E53B /* sample58.png */ = {isa = PBXFileReference; lastKnownFileType = image.png; path = sample58.png; sourceTree = "<group>"; };
		29F699622DB623080029E53B /* sample55.png */ = {isa = PBXFileReference; lastKnownFileType = image.png; path = sample55.png; sourceTree = "<group>"; };
		29F699632DB623090029E53B /* sample46.png */ = {isa = PBXFileReference; lastKnownFileType = image.png; path = sample46.png; sourceTree = "<group>"; };
		29F699642DB623090029E53B /* sample49.png */ = {isa = PBXFileReference; lastKnownFileType = image.png; path = sample49.png; sourceTree = "<group>"; };
		29F699652DB6230A0029E53B /* sample47.png */ = {isa = PBXFileReference; lastKnownFileType = image.png; path = sample47.png; sourceTree = "<group>"; };
		29F699662DB6230A0029E53B /* sample42.png */ = {isa = PBXFileReference; lastKnownFileType = image.png; path = sample42.png; sourceTree = "<group>"; };
		29F699672DB6230B0029E53B /* sample56.png */ = {isa = PBXFileReference; lastKnownFileType = image.png; path = sample56.png; sourceTree = "<group>"; };
		29F699682DB6230B0029E53B /* sample44.png */ = {isa = PBXFileReference; lastKnownFileType = image.png; path = sample44.png; sourceTree = "<group>"; };
/* End PBXFileReference section */

/* Begin PBXFrameworksBuildPhase section */
		2957B6C52DB5F4AB00DB7181 /* Frameworks */ = {
			isa = PBXFrameworksBuildPhase;
			buildActionMask = 2147483647;
			files = (
				2957B6FD2DB6089A00DB7181 /* SnapKit in Frameworks */,
				2957B7002DB608C300DB7181 /* Then in Frameworks */,
			);
			runOnlyForDeploymentPostprocessing = 0;
		};
		2957B6DB2DB5F4AE00DB7181 /* Frameworks */ = {
			isa = PBXFrameworksBuildPhase;
			buildActionMask = 2147483647;
			files = (
			);
			runOnlyForDeploymentPostprocessing = 0;
		};
		2957B6E52DB5F4AE00DB7181 /* Frameworks */ = {
			isa = PBXFrameworksBuildPhase;
			buildActionMask = 2147483647;
			files = (
			);
			runOnlyForDeploymentPostprocessing = 0;
		};
/* End PBXFrameworksBuildPhase section */

/* Begin PBXGroup section */
		2957B6BF2DB5F4AB00DB7181 = {
			isa = PBXGroup;
			children = (
				2957B6CA2DB5F4AB00DB7181 /* OptimizedImageScroller */,
				2957B6E12DB5F4AE00DB7181 /* OptimizedImageScrollerTests */,
				2957B6EB2DB5F4AE00DB7181 /* OptimizedImageScrollerUITests */,
				2957B6C92DB5F4AB00DB7181 /* Products */,
			);
			sourceTree = "<group>";
		};
		2957B6C92DB5F4AB00DB7181 /* Products */ = {
			isa = PBXGroup;
			children = (
				2957B6C82DB5F4AB00DB7181 /* OptimizedImageScroller.app */,
				2957B6DE2DB5F4AE00DB7181 /* OptimizedImageScrollerTests.xctest */,
				2957B6E82DB5F4AE00DB7181 /* OptimizedImageScrollerUITests.xctest */,
			);
			name = Products;
			sourceTree = "<group>";
		};
		2957B6CA2DB5F4AB00DB7181 /* OptimizedImageScroller */ = {
			isa = PBXGroup;
			children = (
				2957B7032DB609A400DB7181 /* Scene */,
				2957B7012DB6091B00DB7181 /* Applications */,
				2957B70C2DB61E2100DB7181 /* Resources */,
				2957B7022DB6094000DB7181 /* Supporting Files */,
			);
			path = OptimizedImageScroller;
			sourceTree = "<group>";
		};
		2957B6E12DB5F4AE00DB7181 /* OptimizedImageScrollerTests */ = {
			isa = PBXGroup;
			children = (
				2957B6E22DB5F4AE00DB7181 /* OptimizedImageScrollerTests.swift */,
			);
			path = OptimizedImageScrollerTests;
			sourceTree = "<group>";
		};
		2957B6EB2DB5F4AE00DB7181 /* OptimizedImageScrollerUITests */ = {
			isa = PBXGroup;
			children = (
				2957B6EC2DB5F4AE00DB7181 /* OptimizedImageScrollerUITests.swift */,
				2957B6EE2DB5F4AE00DB7181 /* OptimizedImageScrollerUITestsLaunchTests.swift */,
			);
			path = OptimizedImageScrollerUITests;
			sourceTree = "<group>";
		};
		2957B7012DB6091B00DB7181 /* Applications */ = {
			isa = PBXGroup;
			children = (
				2957B6D62DB5F4AE00DB7181 /* LaunchScreen.storyboard */,
				2957B6CB2DB5F4AB00DB7181 /* AppDelegate.swift */,
				2957B6CD2DB5F4AB00DB7181 /* SceneDelegate.swift */,
			);
			path = Applications;
			sourceTree = "<group>";
		};
		2957B7022DB6094000DB7181 /* Supporting Files */ = {
			isa = PBXGroup;
			children = (
				2957B6D92DB5F4AE00DB7181 /* Info.plist */,
			);
			path = "Supporting Files";
			sourceTree = "<group>";
		};
		2957B7032DB609A400DB7181 /* Scene */ = {
			isa = PBXGroup;
			children = (
				2957B7042DB609CA00DB7181 /* RootViewController.swift */,
				2957B7082DB6156100DB7181 /* CustomScrollViewFullLoad.swift */,
				2957B70A2DB61A1300DB7181 /* CustomScrollViewOnDemand.swift */,
			);
			path = Scene;
			sourceTree = "<group>";
		};
		2957B70C2DB61E2100DB7181 /* Resources */ = {
			isa = PBXGroup;
			children = (
				2957B6D42DB5F4AE00DB7181 /* Assets.xcassets */,
				2957B70D2DB61E2E00DB7181 /* Images */,
			);
			path = Resources;
			sourceTree = "<group>";
		};
		2957B70D2DB61E2E00DB7181 /* Images */ = {
			isa = PBXGroup;
			children = (
				29F6995E2DB623060029E53B /* sample41.png */,
				29F699662DB6230A0029E53B /* sample42.png */,
				29F6995C2DB623050029E53B /* sample43.png */,
				29F699682DB6230B0029E53B /* sample44.png */,
				29F699582DB623030029E53B /* sample45.png */,
				29F699632DB623090029E53B /* sample46.png */,
				29F699652DB6230A0029E53B /* sample47.png */,
				29F699592DB623040029E53B /* sample48.png */,
				29F699642DB623090029E53B /* sample49.png */,
				29F699572DB623030029E53B /* sample50.png */,
				29F699562DB623020029E53B /* sample51.png */,
				29F6995D2DB623060029E53B /* sample52.png */,
				29F6995F2DB623070029E53B /* sample53.png */,
				29F699602DB623070029E53B /* sample54.png */,
				29F699622DB623080029E53B /* sample55.png */,
				29F699672DB6230B0029E53B /* sample56.png */,
				29F699552DB623020029E53B /* sample57.png */,
				29F699612DB623080029E53B /* sample58.png */,
				29F6995A2DB623040029E53B /* sample59.png */,
				29F6995B2DB623050029E53B /* sample60.png */,
				29F699382DB622F40029E53B /* sample21.png */,
				29F6993A2DB622F50029E53B /* sample22.png */,
				29F699332DB622F20029E53B /* sample23.png */,
				29F699392DB622F50029E53B /* sample24.png */,
				29F6992D2DB622EF0029E53B /* sample25.png */,
				29F699322DB622F20029E53B /* sample26.png */,
				29F6993E2DB622F70029E53B /* sample27.png */,
				29F699312DB622F10029E53B /* sample28.png */,
				29F699352DB622F30029E53B /* sample29.png */,
				29F699342DB622F20029E53B /* sample30.png */,
				29F699302DB622F10029E53B /* sample31.png */,
				29F6992F2DB622F00029E53B /* sample32.png */,
				29F6993B2DB622F60029E53B /* sample33.png */,
				29F6992E2DB622EF0029E53B /* sample34.png */,
				29F6993C2DB622F60029E53B /* sample35.png */,
				29F6993D2DB622F70029E53B /* sample36.png */,
				29F699362DB622F30029E53B /* sample37.png */,
				29F699372DB622F40029E53B /* sample38.png */,
				29F6993F2DB622F80029E53B /* sample39.png */,
				29F699402DB622F80029E53B /* sample40.png */,
				29F699192DB61F180029E53B /* sample11.png */,
				29F6991F2DB61F1A0029E53B /* sample12.png */,
				29F6991E2DB61F190029E53B /* sample13.png */,
				29F699212DB61F1A0029E53B /* sample14.png */,
				29F6991D2DB61F190029E53B /* sample15.png */,
				29F6991A2DB61F180029E53B /* sample16.png */,
				29F699222DB61F1B0029E53B /* sample17.png */,
				29F6991B2DB61F180029E53B /* sample18.png */,
				29F6991C2DB61F190029E53B /* sample19.png */,
				29F699202DB61F1A0029E53B /* sample20.png */,
				29F6990E2DB61E650029E53B /* sample1.png */,
				29F699082DB61E630029E53B /* sample2.png */,
				29F6990B2DB61E640029E53B /* sample3.png */,
				29F699052DB61E620029E53B /* sample4.png */,
				29F6990C2DB61E640029E53B /* sample5.png */,
				29F6990D2DB61E650029E53B /* sample6.png */,
				29F699092DB61E630029E53B /* sample7.png */,
				29F699072DB61E630029E53B /* sample8.png */,
				29F699062DB61E620029E53B /* sample9.png */,
				29F6990A2DB61E640029E53B /* sample10.png */,
			);
			name = Images;
			sourceTree = "<group>";
		};
/* End PBXGroup section */

/* Begin PBXNativeTarget section */
		2957B6C72DB5F4AB00DB7181 /* OptimizedImageScroller */ = {
			isa = PBXNativeTarget;
			buildConfigurationList = 2957B6F22DB5F4AE00DB7181 /* Build configuration list for PBXNativeTarget "OptimizedImageScroller" */;
			buildPhases = (
				2957B6C42DB5F4AB00DB7181 /* Sources */,
				2957B6C52DB5F4AB00DB7181 /* Frameworks */,
				2957B6C62DB5F4AB00DB7181 /* Resources */,
			);
			buildRules = (
			);
			dependencies = (
			);
			name = OptimizedImageScroller;
			packageProductDependencies = (
				2957B6FC2DB6089A00DB7181 /* SnapKit */,
				2957B6FF2DB608C300DB7181 /* Then */,
			);
			productName = OptimizedImageScroller;
			productReference = 2957B6C82DB5F4AB00DB7181 /* OptimizedImageScroller.app */;
			productType = "com.apple.product-type.application";
		};
		2957B6DD2DB5F4AE00DB7181 /* OptimizedImageScrollerTests */ = {
			isa = PBXNativeTarget;
			buildConfigurationList = 2957B6F52DB5F4AE00DB7181 /* Build configuration list for PBXNativeTarget "OptimizedImageScrollerTests" */;
			buildPhases = (
				2957B6DA2DB5F4AE00DB7181 /* Sources */,
				2957B6DB2DB5F4AE00DB7181 /* Frameworks */,
				2957B6DC2DB5F4AE00DB7181 /* Resources */,
			);
			buildRules = (
			);
			dependencies = (
				2957B6E02DB5F4AE00DB7181 /* PBXTargetDependency */,
			);
			name = OptimizedImageScrollerTests;
			productName = OptimizedImageScrollerTests;
			productReference = 2957B6DE2DB5F4AE00DB7181 /* OptimizedImageScrollerTests.xctest */;
			productType = "com.apple.product-type.bundle.unit-test";
		};
		2957B6E72DB5F4AE00DB7181 /* OptimizedImageScrollerUITests */ = {
			isa = PBXNativeTarget;
			buildConfigurationList = 2957B6F82DB5F4AE00DB7181 /* Build configuration list for PBXNativeTarget "OptimizedImageScrollerUITests" */;
			buildPhases = (
				2957B6E42DB5F4AE00DB7181 /* Sources */,
				2957B6E52DB5F4AE00DB7181 /* Frameworks */,
				2957B6E62DB5F4AE00DB7181 /* Resources */,
			);
			buildRules = (
			);
			dependencies = (
				2957B6EA2DB5F4AE00DB7181 /* PBXTargetDependency */,
			);
			name = OptimizedImageScrollerUITests;
			productName = OptimizedImageScrollerUITests;
			productReference = 2957B6E82DB5F4AE00DB7181 /* OptimizedImageScrollerUITests.xctest */;
			productType = "com.apple.product-type.bundle.ui-testing";
		};
/* End PBXNativeTarget section */

/* Begin PBXProject section */
		2957B6C02DB5F4AB00DB7181 /* Project object */ = {
			isa = PBXProject;
			attributes = {
				BuildIndependentTargetsInParallel = 1;
				LastSwiftUpdateCheck = 1520;
				LastUpgradeCheck = 1520;
				TargetAttributes = {
					2957B6C72DB5F4AB00DB7181 = {
						CreatedOnToolsVersion = 15.2;
					};
					2957B6DD2DB5F4AE00DB7181 = {
						CreatedOnToolsVersion = 15.2;
						TestTargetID = 2957B6C72DB5F4AB00DB7181;
					};
					2957B6E72DB5F4AE00DB7181 = {
						CreatedOnToolsVersion = 15.2;
						TestTargetID = 2957B6C72DB5F4AB00DB7181;
					};
				};
			};
			buildConfigurationList = 2957B6C32DB5F4AB00DB7181 /* Build configuration list for PBXProject "OptimizedImageScroller" */;
			compatibilityVersion = "Xcode 14.0";
			developmentRegion = en;
			hasScannedForEncodings = 0;
			knownRegions = (
				en,
				Base,
			);
			mainGroup = 2957B6BF2DB5F4AB00DB7181;
			packageReferences = (
				2957B6FB2DB6089A00DB7181 /* XCRemoteSwiftPackageReference "SnapKit" */,
				2957B6FE2DB608C300DB7181 /* XCRemoteSwiftPackageReference "Then" */,
			);
			productRefGroup = 2957B6C92DB5F4AB00DB7181 /* Products */;
			projectDirPath = "";
			projectRoot = "";
			targets = (
				2957B6C72DB5F4AB00DB7181 /* OptimizedImageScroller */,
				2957B6DD2DB5F4AE00DB7181 /* OptimizedImageScrollerTests */,
				2957B6E72DB5F4AE00DB7181 /* OptimizedImageScrollerUITests */,
			);
		};
/* End PBXProject section */

/* Begin PBXResourcesBuildPhase section */
		2957B6C62DB5F4AB00DB7181 /* Resources */ = {
			isa = PBXResourcesBuildPhase;
			buildActionMask = 2147483647;
			files = (
				29F699492DB622F80029E53B /* sample29.png in Resources */,
				29F699132DB61E650029E53B /* sample7.png in Resources */,
				29F6996C2DB6230C0029E53B /* sample45.png in Resources */,
				29F699232DB61F1B0029E53B /* sample11.png in Resources */,
				29F6996F2DB6230C0029E53B /* sample60.png in Resources */,
				2957B6D82DB5F4AE00DB7181 /* LaunchScreen.storyboard in Resources */,
				29F699142DB61E650029E53B /* sample10.png in Resources */,
				29F699112DB61E650029E53B /* sample8.png in Resources */,
				29F6994C2DB622F80029E53B /* sample21.png in Resources */,
				29F699122DB61E650029E53B /* sample2.png in Resources */,
				29F699272DB61F1B0029E53B /* sample15.png in Resources */,
				29F699762DB6230C0029E53B /* sample55.png in Resources */,
				29F699182DB61E650029E53B /* sample1.png in Resources */,
				29F699422DB622F80029E53B /* sample34.png in Resources */,
				29F699172DB61E650029E53B /* sample6.png in Resources */,
				29F699752DB6230C0029E53B /* sample58.png in Resources */,
				29F6994A2DB622F80029E53B /* sample37.png in Resources */,
				29F6997C2DB6230C0029E53B /* sample44.png in Resources */,
				29F699502DB622F80029E53B /* sample35.png in Resources */,
				29F699692DB6230C0029E53B /* sample57.png in Resources */,
				29F699152DB61E650029E53B /* sample3.png in Resources */,
				29F699722DB6230C0029E53B /* sample41.png in Resources */,
				29F699102DB61E650029E53B /* sample9.png in Resources */,
				29F699412DB622F80029E53B /* sample25.png in Resources */,
				29F6992C2DB61F1B0029E53B /* sample17.png in Resources */,
				29F6994E2DB622F80029E53B /* sample22.png in Resources */,
				29F699482DB622F80029E53B /* sample30.png in Resources */,
				29F699712DB6230C0029E53B /* sample52.png in Resources */,
				29F699432DB622F80029E53B /* sample32.png in Resources */,
				29F699742DB6230C0029E53B /* sample54.png in Resources */,
				29F699532DB622F80029E53B /* sample39.png in Resources */,
				29F6994D2DB622F80029E53B /* sample24.png in Resources */,
				29F699542DB622F80029E53B /* sample40.png in Resources */,
				29F699772DB6230C0029E53B /* sample46.png in Resources */,
				29F6992B2DB61F1B0029E53B /* sample14.png in Resources */,
				29F699242DB61F1B0029E53B /* sample16.png in Resources */,
				29F6996D2DB6230C0029E53B /* sample48.png in Resources */,
				29F6996A2DB6230C0029E53B /* sample51.png in Resources */,
				29F699262DB61F1B0029E53B /* sample19.png in Resources */,
				29F699292DB61F1B0029E53B /* sample12.png in Resources */,
				29F699512DB622F80029E53B /* sample36.png in Resources */,
				2957B6D52DB5F4AE00DB7181 /* Assets.xcassets in Resources */,
				29F6990F2DB61E650029E53B /* sample4.png in Resources */,
				29F699782DB6230C0029E53B /* sample49.png in Resources */,
				29F699442DB622F80029E53B /* sample31.png in Resources */,
				29F6997B2DB6230C0029E53B /* sample56.png in Resources */,
				29F699732DB6230C0029E53B /* sample53.png in Resources */,
				29F6994F2DB622F80029E53B /* sample33.png in Resources */,
				29F699162DB61E650029E53B /* sample5.png in Resources */,
				29F699252DB61F1B0029E53B /* sample18.png in Resources */,
				29F699282DB61F1B0029E53B /* sample13.png in Resources */,
				29F699522DB622F80029E53B /* sample27.png in Resources */,
				29F699472DB622F80029E53B /* sample23.png in Resources */,
				29F699462DB622F80029E53B /* sample26.png in Resources */,
				29F699702DB6230C0029E53B /* sample43.png in Resources */,
				29F6992A2DB61F1B0029E53B /* sample20.png in Resources */,
				29F699452DB622F80029E53B /* sample28.png in Resources */,
				29F6994B2DB622F80029E53B /* sample38.png in Resources */,
				29F6996B2DB6230C0029E53B /* sample50.png in Resources */,
				29F699792DB6230C0029E53B /* sample47.png in Resources */,
				29F6996E2DB6230C0029E53B /* sample59.png in Resources */,
				29F6997A2DB6230C0029E53B /* sample42.png in Resources */,
			);
			runOnlyForDeploymentPostprocessing = 0;
		};
		2957B6DC2DB5F4AE00DB7181 /* Resources */ = {
			isa = PBXResourcesBuildPhase;
			buildActionMask = 2147483647;
			files = (
			);
			runOnlyForDeploymentPostprocessing = 0;
		};
		2957B6E62DB5F4AE00DB7181 /* Resources */ = {
			isa = PBXResourcesBuildPhase;
			buildActionMask = 2147483647;
			files = (
			);
			runOnlyForDeploymentPostprocessing = 0;
		};
/* End PBXResourcesBuildPhase section */

/* Begin PBXSourcesBuildPhase section */
		2957B6C42DB5F4AB00DB7181 /* Sources */ = {
			isa = PBXSourcesBuildPhase;
			buildActionMask = 2147483647;
			files = (
				2957B7092DB6156100DB7181 /* CustomScrollViewFullLoad.swift in Sources */,
				2957B6CC2DB5F4AB00DB7181 /* AppDelegate.swift in Sources */,
				2957B70B2DB61A1300DB7181 /* CustomScrollViewOnDemand.swift in Sources */,
				2957B7052DB609CA00DB7181 /* RootViewController.swift in Sources */,
				2957B6CE2DB5F4AB00DB7181 /* SceneDelegate.swift in Sources */,
			);
			runOnlyForDeploymentPostprocessing = 0;
		};
		2957B6DA2DB5F4AE00DB7181 /* Sources */ = {
			isa = PBXSourcesBuildPhase;
			buildActionMask = 2147483647;
			files = (
				2957B6E32DB5F4AE00DB7181 /* OptimizedImageScrollerTests.swift in Sources */,
			);
			runOnlyForDeploymentPostprocessing = 0;
		};
		2957B6E42DB5F4AE00DB7181 /* Sources */ = {
			isa = PBXSourcesBuildPhase;
			buildActionMask = 2147483647;
			files = (
				2957B6EF2DB5F4AE00DB7181 /* OptimizedImageScrollerUITestsLaunchTests.swift in Sources */,
				2957B6ED2DB5F4AE00DB7181 /* OptimizedImageScrollerUITests.swift in Sources */,
			);
			runOnlyForDeploymentPostprocessing = 0;
		};
/* End PBXSourcesBuildPhase section */

/* Begin PBXTargetDependency section */
		2957B6E02DB5F4AE00DB7181 /* PBXTargetDependency */ = {
			isa = PBXTargetDependency;
			target = 2957B6C72DB5F4AB00DB7181 /* OptimizedImageScroller */;
			targetProxy = 2957B6DF2DB5F4AE00DB7181 /* PBXContainerItemProxy */;
		};
		2957B6EA2DB5F4AE00DB7181 /* PBXTargetDependency */ = {
			isa = PBXTargetDependency;
			target = 2957B6C72DB5F4AB00DB7181 /* OptimizedImageScroller */;
			targetProxy = 2957B6E92DB5F4AE00DB7181 /* PBXContainerItemProxy */;
		};
/* End PBXTargetDependency section */

/* Begin PBXVariantGroup section */
		2957B6D62DB5F4AE00DB7181 /* LaunchScreen.storyboard */ = {
			isa = PBXVariantGroup;
			children = (
				2957B6D72DB5F4AE00DB7181 /* Base */,
			);
			name = LaunchScreen.storyboard;
			sourceTree = "<group>";
		};
/* End PBXVariantGroup section */

/* Begin XCBuildConfiguration section */
		2957B6F02DB5F4AE00DB7181 /* Debug */ = {
			isa = XCBuildConfiguration;
			buildSettings = {
				ALWAYS_SEARCH_USER_PATHS = NO;
				ASSETCATALOG_COMPILER_GENERATE_SWIFT_ASSET_SYMBOL_EXTENSIONS = YES;
				CLANG_ANALYZER_NONNULL = YES;
				CLANG_ANALYZER_NUMBER_OBJECT_CONVERSION = YES_AGGRESSIVE;
				CLANG_CXX_LANGUAGE_STANDARD = "gnu++20";
				CLANG_ENABLE_MODULES = YES;
				CLANG_ENABLE_OBJC_ARC = YES;
				CLANG_ENABLE_OBJC_WEAK = YES;
				CLANG_WARN_BLOCK_CAPTURE_AUTORELEASING = YES;
				CLANG_WARN_BOOL_CONVERSION = YES;
				CLANG_WARN_COMMA = YES;
				CLANG_WARN_CONSTANT_CONVERSION = YES;
				CLANG_WARN_DEPRECATED_OBJC_IMPLEMENTATIONS = YES;
				CLANG_WARN_DIRECT_OBJC_ISA_USAGE = YES_ERROR;
				CLANG_WARN_DOCUMENTATION_COMMENTS = YES;
				CLANG_WARN_EMPTY_BODY = YES;
				CLANG_WARN_ENUM_CONVERSION = YES;
				CLANG_WARN_INFINITE_RECURSION = YES;
				CLANG_WARN_INT_CONVERSION = YES;
				CLANG_WARN_NON_LITERAL_NULL_CONVERSION = YES;
				CLANG_WARN_OBJC_IMPLICIT_RETAIN_SELF = YES;
				CLANG_WARN_OBJC_LITERAL_CONVERSION = YES;
				CLANG_WARN_OBJC_ROOT_CLASS = YES_ERROR;
				CLANG_WARN_QUOTED_INCLUDE_IN_FRAMEWORK_HEADER = YES;
				CLANG_WARN_RANGE_LOOP_ANALYSIS = YES;
				CLANG_WARN_STRICT_PROTOTYPES = YES;
				CLANG_WARN_SUSPICIOUS_MOVE = YES;
				CLANG_WARN_UNGUARDED_AVAILABILITY = YES_AGGRESSIVE;
				CLANG_WARN_UNREACHABLE_CODE = YES;
				CLANG_WARN__DUPLICATE_METHOD_MATCH = YES;
				COPY_PHASE_STRIP = NO;
				DEBUG_INFORMATION_FORMAT = dwarf;
				ENABLE_STRICT_OBJC_MSGSEND = YES;
				ENABLE_TESTABILITY = YES;
				ENABLE_USER_SCRIPT_SANDBOXING = YES;
				GCC_C_LANGUAGE_STANDARD = gnu17;
				GCC_DYNAMIC_NO_PIC = NO;
				GCC_NO_COMMON_BLOCKS = YES;
				GCC_OPTIMIZATION_LEVEL = 0;
				GCC_PREPROCESSOR_DEFINITIONS = (
					"DEBUG=1",
					"$(inherited)",
				);
				GCC_WARN_64_TO_32_BIT_CONVERSION = YES;
				GCC_WARN_ABOUT_RETURN_TYPE = YES_ERROR;
				GCC_WARN_UNDECLARED_SELECTOR = YES;
				GCC_WARN_UNINITIALIZED_AUTOS = YES_AGGRESSIVE;
				GCC_WARN_UNUSED_FUNCTION = YES;
				GCC_WARN_UNUSED_VARIABLE = YES;
				IPHONEOS_DEPLOYMENT_TARGET = 17.2;
				LOCALIZATION_PREFERS_STRING_CATALOGS = YES;
				MTL_ENABLE_DEBUG_INFO = INCLUDE_SOURCE;
				MTL_FAST_MATH = YES;
				ONLY_ACTIVE_ARCH = YES;
				SDKROOT = iphoneos;
				SWIFT_ACTIVE_COMPILATION_CONDITIONS = "DEBUG $(inherited)";
				SWIFT_OPTIMIZATION_LEVEL = "-Onone";
			};
			name = Debug;
		};
		2957B6F12DB5F4AE00DB7181 /* Release */ = {
			isa = XCBuildConfiguration;
			buildSettings = {
				ALWAYS_SEARCH_USER_PATHS = NO;
				ASSETCATALOG_COMPILER_GENERATE_SWIFT_ASSET_SYMBOL_EXTENSIONS = YES;
				CLANG_ANALYZER_NONNULL = YES;
				CLANG_ANALYZER_NUMBER_OBJECT_CONVERSION = YES_AGGRESSIVE;
				CLANG_CXX_LANGUAGE_STANDARD = "gnu++20";
				CLANG_ENABLE_MODULES = YES;
				CLANG_ENABLE_OBJC_ARC = YES;
				CLANG_ENABLE_OBJC_WEAK = YES;
				CLANG_WARN_BLOCK_CAPTURE_AUTORELEASING = YES;
				CLANG_WARN_BOOL_CONVERSION = YES;
				CLANG_WARN_COMMA = YES;
				CLANG_WARN_CONSTANT_CONVERSION = YES;
				CLANG_WARN_DEPRECATED_OBJC_IMPLEMENTATIONS = YES;
				CLANG_WARN_DIRECT_OBJC_ISA_USAGE = YES_ERROR;
				CLANG_WARN_DOCUMENTATION_COMMENTS = YES;
				CLANG_WARN_EMPTY_BODY = YES;
				CLANG_WARN_ENUM_CONVERSION = YES;
				CLANG_WARN_INFINITE_RECURSION = YES;
				CLANG_WARN_INT_CONVERSION = YES;
				CLANG_WARN_NON_LITERAL_NULL_CONVERSION = YES;
				CLANG_WARN_OBJC_IMPLICIT_RETAIN_SELF = YES;
				CLANG_WARN_OBJC_LITERAL_CONVERSION = YES;
				CLANG_WARN_OBJC_ROOT_CLASS = YES_ERROR;
				CLANG_WARN_QUOTED_INCLUDE_IN_FRAMEWORK_HEADER = YES;
				CLANG_WARN_RANGE_LOOP_ANALYSIS = YES;
				CLANG_WARN_STRICT_PROTOTYPES = YES;
				CLANG_WARN_SUSPICIOUS_MOVE = YES;
				CLANG_WARN_UNGUARDED_AVAILABILITY = YES_AGGRESSIVE;
				CLANG_WARN_UNREACHABLE_CODE = YES;
				CLANG_WARN__DUPLICATE_METHOD_MATCH = YES;
				COPY_PHASE_STRIP = NO;
				DEBUG_INFORMATION_FORMAT = "dwarf-with-dsym";
				ENABLE_NS_ASSERTIONS = NO;
				ENABLE_STRICT_OBJC_MSGSEND = YES;
				ENABLE_USER_SCRIPT_SANDBOXING = YES;
				GCC_C_LANGUAGE_STANDARD = gnu17;
				GCC_NO_COMMON_BLOCKS = YES;
				GCC_WARN_64_TO_32_BIT_CONVERSION = YES;
				GCC_WARN_ABOUT_RETURN_TYPE = YES_ERROR;
				GCC_WARN_UNDECLARED_SELECTOR = YES;
				GCC_WARN_UNINITIALIZED_AUTOS = YES_AGGRESSIVE;
				GCC_WARN_UNUSED_FUNCTION = YES;
				GCC_WARN_UNUSED_VARIABLE = YES;
				IPHONEOS_DEPLOYMENT_TARGET = 17.2;
				LOCALIZATION_PREFERS_STRING_CATALOGS = YES;
				MTL_ENABLE_DEBUG_INFO = NO;
				MTL_FAST_MATH = YES;
				SDKROOT = iphoneos;
				SWIFT_COMPILATION_MODE = wholemodule;
				VALIDATE_PRODUCT = YES;
			};
			name = Release;
		};
		2957B6F32DB5F4AE00DB7181 /* Debug */ = {
			isa = XCBuildConfiguration;
			buildSettings = {
				ASSETCATALOG_COMPILER_APPICON_NAME = AppIcon;
				ASSETCATALOG_COMPILER_GLOBAL_ACCENT_COLOR_NAME = AccentColor;
				CODE_SIGN_STYLE = Automatic;
				CURRENT_PROJECT_VERSION = 1;
				DEVELOPMENT_TEAM = 7ZGFAWH8RN;
				GENERATE_INFOPLIST_FILE = YES;
				INFOPLIST_FILE = "OptimizedImageScroller/Supporting Files/Info.plist";
				INFOPLIST_KEY_UIApplicationSupportsIndirectInputEvents = YES;
				INFOPLIST_KEY_UILaunchStoryboardName = LaunchScreen;
				INFOPLIST_KEY_UISupportedInterfaceOrientations = UIInterfaceOrientationPortrait;
				LD_RUNPATH_SEARCH_PATHS = (
					"$(inherited)",
					"@executable_path/Frameworks",
				);
				MARKETING_VERSION = 1.0;
				PRODUCT_BUNDLE_IDENTIFIER = com.jellywork.OptimizedImageScroller;
				PRODUCT_NAME = "$(TARGET_NAME)";
				SWIFT_EMIT_LOC_STRINGS = YES;
				SWIFT_VERSION = 5.0;
				TARGETED_DEVICE_FAMILY = "1,2";
			};
			name = Debug;
		};
		2957B6F42DB5F4AE00DB7181 /* Release */ = {
			isa = XCBuildConfiguration;
			buildSettings = {
				ASSETCATALOG_COMPILER_APPICON_NAME = AppIcon;
				ASSETCATALOG_COMPILER_GLOBAL_ACCENT_COLOR_NAME = AccentColor;
				CODE_SIGN_STYLE = Automatic;
				CURRENT_PROJECT_VERSION = 1;
				DEVELOPMENT_TEAM = 7ZGFAWH8RN;
				GENERATE_INFOPLIST_FILE = YES;
				INFOPLIST_FILE = "OptimizedImageScroller/Supporting Files/Info.plist";
				INFOPLIST_KEY_UIApplicationSupportsIndirectInputEvents = YES;
				INFOPLIST_KEY_UILaunchStoryboardName = LaunchScreen;
				INFOPLIST_KEY_UISupportedInterfaceOrientations = UIInterfaceOrientationPortrait;
				LD_RUNPATH_SEARCH_PATHS = (
					"$(inherited)",
					"@executable_path/Frameworks",
				);
				MARKETING_VERSION = 1.0;
				PRODUCT_BUNDLE_IDENTIFIER = com.jellywork.OptimizedImageScroller;
				PRODUCT_NAME = "$(TARGET_NAME)";
				SWIFT_EMIT_LOC_STRINGS = YES;
				SWIFT_VERSION = 5.0;
				TARGETED_DEVICE_FAMILY = "1,2";
			};
			name = Release;
		};
		2957B6F62DB5F4AE00DB7181 /* Debug */ = {
			isa = XCBuildConfiguration;
			buildSettings = {
				ALWAYS_EMBED_SWIFT_STANDARD_LIBRARIES = YES;
				BUNDLE_LOADER = "$(TEST_HOST)";
				CODE_SIGN_STYLE = Automatic;
				CURRENT_PROJECT_VERSION = 1;
				DEVELOPMENT_TEAM = 7ZGFAWH8RN;
				GENERATE_INFOPLIST_FILE = YES;
				IPHONEOS_DEPLOYMENT_TARGET = 17.2;
				MARKETING_VERSION = 1.0;
				PRODUCT_BUNDLE_IDENTIFIER = com.jellywork.OptimizedImageScrollerTests;
				PRODUCT_NAME = "$(TARGET_NAME)";
				SWIFT_EMIT_LOC_STRINGS = NO;
				SWIFT_VERSION = 5.0;
				TARGETED_DEVICE_FAMILY = "1,2";
				TEST_HOST = "$(BUILT_PRODUCTS_DIR)/OptimizedImageScroller.app/$(BUNDLE_EXECUTABLE_FOLDER_PATH)/OptimizedImageScroller";
			};
			name = Debug;
		};
		2957B6F72DB5F4AE00DB7181 /* Release */ = {
			isa = XCBuildConfiguration;
			buildSettings = {
				ALWAYS_EMBED_SWIFT_STANDARD_LIBRARIES = YES;
				BUNDLE_LOADER = "$(TEST_HOST)";
				CODE_SIGN_STYLE = Automatic;
				CURRENT_PROJECT_VERSION = 1;
				DEVELOPMENT_TEAM = 7ZGFAWH8RN;
				GENERATE_INFOPLIST_FILE = YES;
				IPHONEOS_DEPLOYMENT_TARGET = 17.2;
				MARKETING_VERSION = 1.0;
				PRODUCT_BUNDLE_IDENTIFIER = com.jellywork.OptimizedImageScrollerTests;
				PRODUCT_NAME = "$(TARGET_NAME)";
				SWIFT_EMIT_LOC_STRINGS = NO;
				SWIFT_VERSION = 5.0;
				TARGETED_DEVICE_FAMILY = "1,2";
				TEST_HOST = "$(BUILT_PRODUCTS_DIR)/OptimizedImageScroller.app/$(BUNDLE_EXECUTABLE_FOLDER_PATH)/OptimizedImageScroller";
			};
			name = Release;
		};
		2957B6F92DB5F4AE00DB7181 /* Debug */ = {
			isa = XCBuildConfiguration;
			buildSettings = {
				ALWAYS_EMBED_SWIFT_STANDARD_LIBRARIES = YES;
				CODE_SIGN_STYLE = Automatic;
				CURRENT_PROJECT_VERSION = 1;
				DEVELOPMENT_TEAM = 7ZGFAWH8RN;
				GENERATE_INFOPLIST_FILE = YES;
				MARKETING_VERSION = 1.0;
				PRODUCT_BUNDLE_IDENTIFIER = com.jellywork.OptimizedImageScrollerUITests;
				PRODUCT_NAME = "$(TARGET_NAME)";
				SWIFT_EMIT_LOC_STRINGS = NO;
				SWIFT_VERSION = 5.0;
				TARGETED_DEVICE_FAMILY = "1,2";
				TEST_TARGET_NAME = OptimizedImageScroller;
			};
			name = Debug;
		};
		2957B6FA2DB5F4AE00DB7181 /* Release */ = {
			isa = XCBuildConfiguration;
			buildSettings = {
				ALWAYS_EMBED_SWIFT_STANDARD_LIBRARIES = YES;
				CODE_SIGN_STYLE = Automatic;
				CURRENT_PROJECT_VERSION = 1;
				DEVELOPMENT_TEAM = 7ZGFAWH8RN;
				GENERATE_INFOPLIST_FILE = YES;
				MARKETING_VERSION = 1.0;
				PRODUCT_BUNDLE_IDENTIFIER = com.jellywork.OptimizedImageScrollerUITests;
				PRODUCT_NAME = "$(TARGET_NAME)";
				SWIFT_EMIT_LOC_STRINGS = NO;
				SWIFT_VERSION = 5.0;
				TARGETED_DEVICE_FAMILY = "1,2";
				TEST_TARGET_NAME = OptimizedImageScroller;
			};
			name = Release;
		};
/* End XCBuildConfiguration section */

/* Begin XCConfigurationList section */
		2957B6C32DB5F4AB00DB7181 /* Build configuration list for PBXProject "OptimizedImageScroller" */ = {
			isa = XCConfigurationList;
			buildConfigurations = (
				2957B6F02DB5F4AE00DB7181 /* Debug */,
				2957B6F12DB5F4AE00DB7181 /* Release */,
			);
			defaultConfigurationIsVisible = 0;
			defaultConfigurationName = Release;
		};
		2957B6F22DB5F4AE00DB7181 /* Build configuration list for PBXNativeTarget "OptimizedImageScroller" */ = {
			isa = XCConfigurationList;
			buildConfigurations = (
				2957B6F32DB5F4AE00DB7181 /* Debug */,
				2957B6F42DB5F4AE00DB7181 /* Release */,
			);
			defaultConfigurationIsVisible = 0;
			defaultConfigurationName = Release;
		};
		2957B6F52DB5F4AE00DB7181 /* Build configuration list for PBXNativeTarget "OptimizedImageScrollerTests" */ = {
			isa = XCConfigurationList;
			buildConfigurations = (
				2957B6F62DB5F4AE00DB7181 /* Debug */,
				2957B6F72DB5F4AE00DB7181 /* Release */,
			);
			defaultConfigurationIsVisible = 0;
			defaultConfigurationName = Release;
		};
		2957B6F82DB5F4AE00DB7181 /* Build configuration list for PBXNativeTarget "OptimizedImageScrollerUITests" */ = {
			isa = XCConfigurationList;
			buildConfigurations = (
				2957B6F92DB5F4AE00DB7181 /* Debug */,
				2957B6FA2DB5F4AE00DB7181 /* Release */,
			);
			defaultConfigurationIsVisible = 0;
			defaultConfigurationName = Release;
		};
/* End XCConfigurationList section */

/* Begin XCRemoteSwiftPackageReference section */
		2957B6FB2DB6089A00DB7181 /* XCRemoteSwiftPackageReference "SnapKit" */ = {
			isa = XCRemoteSwiftPackageReference;
			repositoryURL = "https://github.com/SnapKit/SnapKit.git";
			requirement = {
				kind = upToNextMajorVersion;
				minimumVersion = 5.7.1;
			};
		};
		2957B6FE2DB608C300DB7181 /* XCRemoteSwiftPackageReference "Then" */ = {
			isa = XCRemoteSwiftPackageReference;
			repositoryURL = "https://github.com/devxoul/Then.git";
			requirement = {
				kind = upToNextMajorVersion;
				minimumVersion = 3.0.0;
			};
		};
/* End XCRemoteSwiftPackageReference section */

/* Begin XCSwiftPackageProductDependency section */
		2957B6FC2DB6089A00DB7181 /* SnapKit */ = {
			isa = XCSwiftPackageProductDependency;
			package = 2957B6FB2DB6089A00DB7181 /* XCRemoteSwiftPackageReference "SnapKit" */;
			productName = SnapKit;
		};
		2957B6FF2DB608C300DB7181 /* Then */ = {
			isa = XCSwiftPackageProductDependency;
			package = 2957B6FE2DB608C300DB7181 /* XCRemoteSwiftPackageReference "Then" */;
			productName = Then;
		};
/* End XCSwiftPackageProductDependency section */
	};
	rootObject = 2957B6C02DB5F4AB00DB7181 /* Project object */;
}
